
Microsoft Visual Studio Solution File, Format Version 12.00
# Visual Studio Version 16
VisualStudioVersion = 16.0.30104.148
MinimumVisualStudioVersion = 10.0.40219.1
Project("{FAE04EC0-301F-11D3-BF4B-00C04F79EFBC}") = "CartService", "CartService\CartService.csproj", "{3C552EB1-77D8-4B45-9C6D-2B3414D5D374}"
EndProject
Global
	GlobalSection(SolutionConfigurationPlatforms) = preSolution
		Debug|Any CPU = Debug|Any CPU
		Release|Any CPU = Release|Any CPU
	EndGlobalSection
	GlobalSection(ProjectConfigurationPlatforms) = postSolution
		{3C552EB1-77D8-4B45-9C6D-2B3414D5D374}.Debug|Any CPU.ActiveCfg = Debug|Any CPU
		{3C552EB1-77D8-4B45-9C6D-2B3414D5D374}.Debug|Any CPU.Build.0 = Debug|Any CPU
		{3C552EB1-77D8-4B45-9C6D-2B3414D5D374}.Release|Any CPU.ActiveCfg = Release|Any CPU
		{3C552EB1-77D8-4B45-9C6D-2B3414D5D374}.Release|Any CPU.Build.0 = Release|Any CPU
	EndGlobalSection
	GlobalSection(SolutionProperties) = preSolution
		HideSolutionNode = FALSE
	EndGlobalSection
	GlobalSection(ExtensibilityGlobals) = postSolution
		SolutionGuid = {117FC822-409A-4F53-929C-BC69C1619D31}
	EndGlobalSection
EndGlobal
